
Microsoft Visual Studio Solution File, Format Version 12.00
# Visual Studio Version 16
VisualStudioVersion = 16.0.29806.167
MinimumVisualStudioVersion = 10.0.40219.1
Project("{FAE04EC0-301F-11D3-BF4B-00C04F79EFBC}") = "AEScrypto", "AEScrypto\AEScrypto.csproj", "{6A7AD398-B3C9-4953-8EDE-045ED4BFD075}"
EndProject
Global
	GlobalSection(SolutionConfigurationPlatforms) = preSolution
		Debug|Any CPU = Debug|Any CPU
		Release|Any CPU = Release|Any CPU
	EndGlobalSection
	GlobalSection(ProjectConfigurationPlatforms) = postSolution
		{6A7AD398-B3C9-4953-8EDE-045ED4BFD075}.Debug|Any CPU.ActiveCfg = Debug|Any CPU
		{6A7AD398-B3C9-4953-8EDE-045ED4BFD075}.Debug|Any CPU.Build.0 = Debug|Any CPU
		{6A7AD398-B3C9-4953-8EDE-045ED4BFD075}.Release|Any CPU.ActiveCfg = Release|Any CPU
		{6A7AD398-B3C9-4953-8EDE-045ED4BFD075}.Release|Any CPU.Build.0 = Release|Any CPU
	EndGlobalSection
	GlobalSection(SolutionProperties) = preSolution
		HideSolutionNode = FALSE
	EndGlobalSection
	GlobalSection(ExtensibilityGlobals) = postSolution
		SolutionGuid = {7983162C-A5C5-4068-9E9C-DF7B3EF70E8D}
	EndGlobalSection
EndGlobal
